{
  "name": "orbit-db-pubsub",
  "version": "0.6.0",
  "lockfileVersion": 1,
  "requires": true,
  "dependencies": {
    "@sindresorhus/is": {
      "version": "0.7.0",
      "resolved": "https://registry.npmjs.org/@sindresorhus/is/-/is-0.7.0.tgz",
      "integrity": "sha512-ONhaKPIufzzrlNbqtWFFd+jlnemX6lJAgq9ZeiZtS7I1PIf/la7CW4m83rTXRnVnsMbW2k56pGYu7AUFJD9Pow=="
    },
    "ipfs-pubsub-peer-monitor": {
      "version": "0.0.9",
      "resolved": "https://registry.npmjs.org/ipfs-pubsub-peer-monitor/-/ipfs-pubsub-peer-monitor-0.0.9.tgz",
      "integrity": "sha512-EJpfNzM9HnS95qnoi0WajNT3i8AoLIkItSdQabNfopuiL/8Ky81MRy17S1wCIRrZEq2EpogG2DfZMJdvcp2I8g==",
      "requires": {
        "p-forever": "^1.0.1"
      }
    },
    "logplease": {
      "version": "1.2.15",
      "resolved": "https://registry.npmjs.org/logplease/-/logplease-1.2.15.tgz",
      "integrity": "sha512-jLlHnlsPSJjpwUfcNyUxXCl33AYg2cHhIf9QhGL2T4iPT0XPB+xP1LRKFPgIg1M/sg9kAJvy94w9CzBNrfnstA=="
    },
    "p-forever": {
      "version": "1.0.1",
      "resolved": "https://registry.npmjs.org/p-forever/-/p-forever-1.0.1.tgz",
      "integrity": "sha512-9IVAxJdPk88BFMvPjzE+WTZLmAt/FBa47mYY49E2elBki4yJJmQ57XHu3o3Dm1GMde+Xf2d+PzElJIogAPwkug=="
    },
    "p-reduce": {
      "version": "1.0.0",
      "resolved": "https://registry.npmjs.org/p-reduce/-/p-reduce-1.0.0.tgz",
      "integrity": "sha1-GMKw3ZNqRpClKfgjH1ig/bakffo="
    },
    "p-series": {
      "version": "1.1.0",
      "resolved": "https://registry.npmjs.org/p-series/-/p-series-1.1.0.tgz",
      "integrity": "sha512-356covArc9UCfj2twY/sxCJKGMzzO+pJJtucizsPC6aS1xKSTBc9PQrQhvFR3+7F+fa2KBKdJjdIcv6NEWDcIQ==",
      "requires": {
        "@sindresorhus/is": "^0.7.0",
        "p-reduce": "^1.0.0"
      }
    }
  }
}
