# THIS IS AN AUTOGENERATED FILE. DO NOT EDIT THIS FILE DIRECTLY.
# yarn lockfile v1


"@playwright/test@^1.36.1":
  version "1.36.1"
  resolved "https://registry.yarnpkg.com/@playwright/test/-/test-1.36.1.tgz#0b1247d279f142ac0876ce25e7daf15439d5367b"
  integrity sha512-YK7yGWK0N3C2QInPU6iaf/L3N95dlGdbsezLya4n0ZCh3IL7VgPGxC6Gnznh9ApWdOmkJeleT2kMTcWPRZvzqg==
  dependencies:
    "@types/node" "*"
    playwright-core "1.36.1"
  optionalDependencies:
    fsevents "2.3.2"

"@types/node@*":
  version "20.4.2"
  resolved "https://registry.yarnpkg.com/@types/node/-/node-20.4.2.tgz#129cc9ae69f93824f92fac653eebfb4812ab4af9"
  integrity sha512-Dd0BYtWgnWJKwO1jkmTrzofjK2QXXcai0dmtzvIBhcA+RsG5h8R3xlyta0kGOZRNfL9GuRtb1knmPEhQrePCEw==

fsevents@2.3.2:
  version "2.3.2"
  resolved "https://registry.yarnpkg.com/fsevents/-/fsevents-2.3.2.tgz#8a526f78b8fdf4623b709e0b975c52c24c02fd1a"
  integrity sha512-xiqMQR4xAeHTuB9uWm+fFRcIOgKBMiOBP+eXiyT7jsgVCq1bkVygt00oASowB7EdtpOHaaPgKt812P9ab+DDKA==

playwright-core@1.36.1:
  version "1.36.1"
  resolved "https://registry.yarnpkg.com/playwright-core/-/playwright-core-1.36.1.tgz#f5f275d70548768ca892583519c89b237a381c77"
  integrity sha512-7+tmPuMcEW4xeCL9cp9KxmYpQYHKkyjwoXRnoeTowaeNat8PoBMk/HwCYhqkH2fRkshfKEOiVus/IhID2Pg8kg==
